
Microsoft Visual Studio Solution File, Format Version 12.00
# Visual Studio 15
VisualStudioVersion = 15.0.28307.572
MinimumVisualStudioVersion = 10.0.40219.1
Project("{FAE04EC0-301F-11D3-BF4B-00C04F79EFBC}") = "UDPServer", "UDPServer\UDPServer.csproj", "{79F2265E-0F27-43BA-BBDA-5234B2C57A3A}"
EndProject
Project("{FAE04EC0-301F-11D3-BF4B-00C04F79EFBC}") = "Client", "Client\Client.csproj", "{EE4B8977-6886-455D-84CB-6BD54BBC99B2}"
EndProject
Global
	GlobalSection(SolutionConfigurationPlatforms) = preSolution
		Debug|Any CPU = Debug|Any CPU
		Release|Any CPU = Release|Any CPU
	EndGlobalSection
	GlobalSection(ProjectConfigurationPlatforms) = postSolution
		{79F2265E-0F27-43BA-BBDA-5234B2C57A3A}.Debug|Any CPU.ActiveCfg = Debug|Any CPU
		{79F2265E-0F27-43BA-BBDA-5234B2C57A3A}.Debug|Any CPU.Build.0 = Debug|Any CPU
		{79F2265E-0F27-43BA-BBDA-5234B2C57A3A}.Release|Any CPU.ActiveCfg = Release|Any CPU
		{79F2265E-0F27-43BA-BBDA-5234B2C57A3A}.Release|Any CPU.Build.0 = Release|Any CPU
		{EE4B8977-6886-455D-84CB-6BD54BBC99B2}.Debug|Any CPU.ActiveCfg = Debug|Any CPU
		{EE4B8977-6886-455D-84CB-6BD54BBC99B2}.Debug|Any CPU.Build.0 = Debug|Any CPU
		{EE4B8977-6886-455D-84CB-6BD54BBC99B2}.Release|Any CPU.ActiveCfg = Release|Any CPU
		{EE4B8977-6886-455D-84CB-6BD54BBC99B2}.Release|Any CPU.Build.0 = Release|Any CPU
	EndGlobalSection
	GlobalSection(SolutionProperties) = preSolution
		HideSolutionNode = FALSE
	EndGlobalSection
	GlobalSection(ExtensibilityGlobals) = postSolution
		SolutionGuid = {D3CFAA07-2B02-445F-8A2D-35E508B17466}
	EndGlobalSection
EndGlobal
